
Microsoft Visual Studio Solution File, Format Version 12.00
# Visual Studio Version 17
VisualStudioVersion = 17.4.33205.214
MinimumVisualStudioVersion = 10.0.40219.1
Project("{9A19103F-16F7-4668-BE54-9A1E7A4F7556}") = "BankingSystem", "BankingSystem.csproj", "{ED1E376D-C1CC-4371-BC6D-6121B76678B9}"
EndProject
Project("{FAE04EC0-301F-11D3-BF4B-00C04F79EFBC}") = "BankingSystemTesting", "..\BankingSystemTesting\BankingSystemTesting.csproj", "{1D143A81-4D00-45EA-9EF8-1B21254EDB30}"
EndProject
Global
	GlobalSection(SolutionConfigurationPlatforms) = preSolution
		Debug|Any CPU = Debug|Any CPU
		Release|Any CPU = Release|Any CPU
	EndGlobalSection
	GlobalSection(ProjectConfigurationPlatforms) = postSolution
		{ED1E376D-C1CC-4371-BC6D-6121B76678B9}.Debug|Any CPU.ActiveCfg = Debug|Any CPU
		{ED1E376D-C1CC-4371-BC6D-6121B76678B9}.Debug|Any CPU.Build.0 = Debug|Any CPU
		{ED1E376D-C1CC-4371-BC6D-6121B76678B9}.Release|Any CPU.ActiveCfg = Release|Any CPU
		{ED1E376D-C1CC-4371-BC6D-6121B76678B9}.Release|Any CPU.Build.0 = Release|Any CPU
		{1D143A81-4D00-45EA-9EF8-1B21254EDB30}.Debug|Any CPU.ActiveCfg = Debug|Any CPU
		{1D143A81-4D00-45EA-9EF8-1B21254EDB30}.Debug|Any CPU.Build.0 = Debug|Any CPU
		{1D143A81-4D00-45EA-9EF8-1B21254EDB30}.Release|Any CPU.ActiveCfg = Release|Any CPU
		{1D143A81-4D00-45EA-9EF8-1B21254EDB30}.Release|Any CPU.Build.0 = Release|Any CPU
	EndGlobalSection
	GlobalSection(SolutionProperties) = preSolution
		HideSolutionNode = FALSE
	EndGlobalSection
	GlobalSection(ExtensibilityGlobals) = postSolution
		SolutionGuid = {9447B12C-B203-44A4-B661-C0D8E9FBCF04}
	EndGlobalSection
EndGlobal
